
Microsoft Visual Studio Solution File, Format Version 12.00
# Visual Studio Version 17
VisualStudioVersion = 17.8.34525.116
MinimumVisualStudioVersion = 10.0.40219.1
Project("{9A19103F-16F7-4668-BE54-9A1E7A4F7556}") = "APICatalogo", "APICatalogo\APICatalogo.csproj", "{828CBA32-0EEC-4908-B89F-07FC50CF1DCB}"
EndProject
Project("{FAE04EC0-301F-11D3-BF4B-00C04F79EFBC}") = "ApiCatalogoxUnitTests", "ApiCatalogoxUnitTests\ApiCatalogoxUnitTests.csproj", "{78164AD0-85C9-4B10-AB0E-21700C42C6C2}"
EndProject
Global
	GlobalSection(SolutionConfigurationPlatforms) = preSolution
		Debug|Any CPU = Debug|Any CPU
		Release|Any CPU = Release|Any CPU
	EndGlobalSection
	GlobalSection(ProjectConfigurationPlatforms) = postSolution
		{828CBA32-0EEC-4908-B89F-07FC50CF1DCB}.Debug|Any CPU.ActiveCfg = Debug|Any CPU
		{828CBA32-0EEC-4908-B89F-07FC50CF1DCB}.Debug|Any CPU.Build.0 = Debug|Any CPU
		{828CBA32-0EEC-4908-B89F-07FC50CF1DCB}.Release|Any CPU.ActiveCfg = Release|Any CPU
		{828CBA32-0EEC-4908-B89F-07FC50CF1DCB}.Release|Any CPU.Build.0 = Release|Any CPU
		{78164AD0-85C9-4B10-AB0E-21700C42C6C2}.Debug|Any CPU.ActiveCfg = Debug|Any CPU
		{78164AD0-85C9-4B10-AB0E-21700C42C6C2}.Debug|Any CPU.Build.0 = Debug|Any CPU
		{78164AD0-85C9-4B10-AB0E-21700C42C6C2}.Release|Any CPU.ActiveCfg = Release|Any CPU
		{78164AD0-85C9-4B10-AB0E-21700C42C6C2}.Release|Any CPU.Build.0 = Release|Any CPU
	EndGlobalSection
	GlobalSection(SolutionProperties) = preSolution
		HideSolutionNode = FALSE
	EndGlobalSection
	GlobalSection(ExtensibilityGlobals) = postSolution
		SolutionGuid = {28429F26-C8CF-4653-AA5D-BC78FEDA149F}
	EndGlobalSection
EndGlobal
